
Microsoft Visual Studio Solution File, Format Version 12.00
# Visual Studio Version 17
VisualStudioVersion = 17.14.37314.3 d17.14
MinimumVisualStudioVersion = 10.0.40219.1
Project("{FAE04EC0-301F-11D3-BF4B-00C04F79EFBC}") = "ArraysTrainingDemo", "ArraysTrainingDemo\ArraysTrainingDemo.csproj", "{9982C342-DDEA-4400-8FDD-BB605390CA01}"
EndProject
Global
	GlobalSection(SolutionConfigurationPlatforms) = preSolution
		Debug|Any CPU = Debug|Any CPU
		Release|Any CPU = Release|Any CPU
	EndGlobalSection
	GlobalSection(ProjectConfigurationPlatforms) = postSolution
		{9982C342-DDEA-4400-8FDD-BB605390CA01}.Debug|Any CPU.ActiveCfg = Debug|Any CPU
		{9982C342-DDEA-4400-8FDD-BB605390CA01}.Debug|Any CPU.Build.0 = Debug|Any CPU
		{9982C342-DDEA-4400-8FDD-BB605390CA01}.Release|Any CPU.ActiveCfg = Release|Any CPU
		{9982C342-DDEA-4400-8FDD-BB605390CA01}.Release|Any CPU.Build.0 = Release|Any CPU
	EndGlobalSection
	GlobalSection(SolutionProperties) = preSolution
		HideSolutionNode = FALSE
	EndGlobalSection
	GlobalSection(ExtensibilityGlobals) = postSolution
		SolutionGuid = {D4E33940-5524-4842-A99D-6B66DBC6078C}
	EndGlobalSection
EndGlobal
