
Microsoft Visual Studio Solution File, Format Version 12.00
# Visual Studio Version 17
VisualStudioVersion = 17.14.37314.3 d17.14
MinimumVisualStudioVersion = 10.0.40219.1
Project("{FAE04EC0-301F-11D3-BF4B-00C04F79EFBC}") = "GCMemory", "GCMemory\GCMemory.csproj", "{2931AE7C-96AA-4ED0-A36C-454D6BFBEB5D}"
EndProject
Global
	GlobalSection(SolutionConfigurationPlatforms) = preSolution
		Debug|Any CPU = Debug|Any CPU
		Release|Any CPU = Release|Any CPU
	EndGlobalSection
	GlobalSection(ProjectConfigurationPlatforms) = postSolution
		{2931AE7C-96AA-4ED0-A36C-454D6BFBEB5D}.Debug|Any CPU.ActiveCfg = Debug|Any CPU
		{2931AE7C-96AA-4ED0-A36C-454D6BFBEB5D}.Debug|Any CPU.Build.0 = Debug|Any CPU
		{2931AE7C-96AA-4ED0-A36C-454D6BFBEB5D}.Release|Any CPU.ActiveCfg = Release|Any CPU
		{2931AE7C-96AA-4ED0-A36C-454D6BFBEB5D}.Release|Any CPU.Build.0 = Release|Any CPU
	EndGlobalSection
	GlobalSection(SolutionProperties) = preSolution
		HideSolutionNode = FALSE
	EndGlobalSection
	GlobalSection(ExtensibilityGlobals) = postSolution
		SolutionGuid = {627A9BDA-FD51-4B99-90F7-47F1CBB2F6E6}
	EndGlobalSection
EndGlobal
